
Microsoft Visual Studio Solution File, Format Version 12.00
# Visual Studio Version 16
VisualStudioVersion = 16.0.31205.134
MinimumVisualStudioVersion = 10.0.40219.1
Project("{FAE04EC0-301F-11D3-BF4B-00C04F79EFBC}") = "Flights.App", "Flights.App\Flights.App.csproj", "{4BD29B7B-AA92-49E6-ACEC-678BFD12D7EB}"
EndProject
Project("{FAE04EC0-301F-11D3-BF4B-00C04F79EFBC}") = "Flights.Repository", "Flights.Repository\Flights.Repository.csproj", "{04B7E851-6F0E-46A4-9176-360C41DFEEC4}"
EndProject
Project("{FAE04EC0-301F-11D3-BF4B-00C04F79EFBC}") = "Flights.Logic", "Flights.Logic\Flights.Logic.csproj", "{F8E3B081-4FBF-449B-A47B-C9CD7CEE2F0D}"
EndProject
Project("{FAE04EC0-301F-11D3-BF4B-00C04F79EFBC}") = "Flights.DTO", "Flights.DTO\Flights.DTO.csproj", "{BC5A52AD-E079-4C18-9974-613183C0830E}"
EndProject
Project("{FAE04EC0-301F-11D3-BF4B-00C04F79EFBC}") = "Flights.Logic.Test", "Flights.Logic.Test\Flights.Logic.Test.csproj", "{DFAB7095-13CC-4387-8087-2D873CB3D5F4}"
EndProject
Global
	GlobalSection(SolutionConfigurationPlatforms) = preSolution
		Debug|Any CPU = Debug|Any CPU
		Release|Any CPU = Release|Any CPU
	EndGlobalSection
	GlobalSection(ProjectConfigurationPlatforms) = postSolution
		{4BD29B7B-AA92-49E6-ACEC-678BFD12D7EB}.Debug|Any CPU.ActiveCfg = Debug|Any CPU
		{4BD29B7B-AA92-49E6-ACEC-678BFD12D7EB}.Debug|Any CPU.Build.0 = Debug|Any CPU
		{4BD29B7B-AA92-49E6-ACEC-678BFD12D7EB}.Release|Any CPU.ActiveCfg = Release|Any CPU
		{4BD29B7B-AA92-49E6-ACEC-678BFD12D7EB}.Release|Any CPU.Build.0 = Release|Any CPU
		{04B7E851-6F0E-46A4-9176-360C41DFEEC4}.Debug|Any CPU.ActiveCfg = Debug|Any CPU
		{04B7E851-6F0E-46A4-9176-360C41DFEEC4}.Debug|Any CPU.Build.0 = Debug|Any CPU
		{04B7E851-6F0E-46A4-9176-360C41DFEEC4}.Release|Any CPU.ActiveCfg = Release|Any CPU
		{04B7E851-6F0E-46A4-9176-360C41DFEEC4}.Release|Any CPU.Build.0 = Release|Any CPU
		{F8E3B081-4FBF-449B-A47B-C9CD7CEE2F0D}.Debug|Any CPU.ActiveCfg = Debug|Any CPU
		{F8E3B081-4FBF-449B-A47B-C9CD7CEE2F0D}.Debug|Any CPU.Build.0 = Debug|Any CPU
		{F8E3B081-4FBF-449B-A47B-C9CD7CEE2F0D}.Release|Any CPU.ActiveCfg = Release|Any CPU
		{F8E3B081-4FBF-449B-A47B-C9CD7CEE2F0D}.Release|Any CPU.Build.0 = Release|Any CPU
		{BC5A52AD-E079-4C18-9974-613183C0830E}.Debug|Any CPU.ActiveCfg = Debug|Any CPU
		{BC5A52AD-E079-4C18-9974-613183C0830E}.Debug|Any CPU.Build.0 = Debug|Any CPU
		{BC5A52AD-E079-4C18-9974-613183C0830E}.Release|Any CPU.ActiveCfg = Release|Any CPU
		{BC5A52AD-E079-4C18-9974-613183C0830E}.Release|Any CPU.Build.0 = Release|Any CPU
		{DFAB7095-13CC-4387-8087-2D873CB3D5F4}.Debug|Any CPU.ActiveCfg = Debug|Any CPU
		{DFAB7095-13CC-4387-8087-2D873CB3D5F4}.Debug|Any CPU.Build.0 = Debug|Any CPU
		{DFAB7095-13CC-4387-8087-2D873CB3D5F4}.Release|Any CPU.ActiveCfg = Release|Any CPU
		{DFAB7095-13CC-4387-8087-2D873CB3D5F4}.Release|Any CPU.Build.0 = Release|Any CPU
	EndGlobalSection
	GlobalSection(SolutionProperties) = preSolution
		HideSolutionNode = FALSE
	EndGlobalSection
	GlobalSection(ExtensibilityGlobals) = postSolution
		SolutionGuid = {E512CA11-AFC7-4B86-8C8E-DE8114BFB410}
	EndGlobalSection
EndGlobal
